{
  "name": "lgtester",
  "version": "0.1.0",
  "lockfileVersion": 1,
  "requires": true,
  "dependencies": {
    "@microsoft/recognizers-text-data-types-timex-expression": {
      "version": "1.1.4",
      "resolved": "https://botbuilder.myget.org/F/botbuilder-v4-js-daily/npm/@microsoft/recognizers-text-data-types-timex-expression/-/@microsoft/recognizers-text-data-types-timex-expression-1.1.4.tgz",
      "integrity": "sha1-YjRTrmXo3yEtgVb2oxRnXDBpbB0="
    },
    "@types/atob-lite": {
      "version": "2.0.0",
      "resolved": "https://botbuilder.myget.org/F/botbuilder-v4-js-daily/npm/@types/atob-lite/-/@types/atob-lite-2.0.0.tgz",
      "integrity": "sha1-vUTKcuZaWEd+gTCaZuQBUk8YcFM="
    },
    "@types/lru-cache": {
      "version": "5.1.0",
      "resolved": "https://botbuilder.myget.org/F/botbuilder-v4-js-daily/npm/@types/lru-cache/-/@types/lru-cache-5.1.0.tgz",
      "integrity": "sha1-V/Io8rgMBGtKG9XKwDH4HyB/TwM="
    },
    "@types/moment-timezone": {
      "version": "0.5.13",
      "resolved": "https://botbuilder.myget.org/F/botbuilder-v4-js-daily/npm/@types/moment-timezone/-/@types/moment-timezone-0.5.13.tgz",
      "integrity": "sha1-AxfMyR60x/SQFwQWYWY5XDknZSg=",
      "requires": {
        "moment": ">=2.14.0"
      }
    },
    "@types/node": {
      "version": "10.17.27",
      "resolved": "https://botbuilder.myget.org/F/botbuilder-v4-js-daily/npm/@types/node/-/@types/node-10.17.27.tgz",
      "integrity": "sha1-ORyzkcdWRsitKntu07vO5S0b3xk=",
      "dev": true
    },
    "@types/strip-bom": {
      "version": "3.0.0",
      "resolved": "https://botbuilder.myget.org/F/botbuilder-v4-js-daily/npm/@types/strip-bom/-/@types/strip-bom-3.0.0.tgz",
      "integrity": "sha1-FKjsOVbC6B7bdSB5CuzyHCkK69I=",
      "dev": true
    },
    "@types/strip-json-comments": {
      "version": "0.0.30",
      "resolved": "https://botbuilder.myget.org/F/botbuilder-v4-js-daily/npm/@types/strip-json-comments/-/@types/strip-json-comments-0.0.30.tgz",
      "integrity": "sha1-mqMMBNshKpoGSdaub9UKzMQHSKE=",
      "dev": true
    },
    "@types/xmldom": {
      "version": "0.1.30",
      "resolved": "https://botbuilder.myget.org/F/botbuilder-v4-js-daily/npm/@types/xmldom/-/@types/xmldom-0.1.30.tgz",
      "integrity": "sha1-022afWSvRpPTsY1dwCzkMqlb4S4="
    },
    "adaptive-expressions": {
      "version": "4.10.0-preview-148939",
      "resolved": "https://botbuilder.myget.org/F/botbuilder-v4-js-daily/npm/adaptive-expressions/-/adaptive-expressions-4.10.0-preview-148939.tgz",
      "integrity": "sha1-0PbrFenYnSgudJvQE6i3Yk1wKYg=",
      "requires": {
        "@microsoft/recognizers-text-data-types-timex-expression": "1.1.4",
        "@types/atob-lite": "^2.0.0",
        "@types/lru-cache": "^5.1.0",
        "@types/moment-timezone": "^0.5.12",
        "@types/xmldom": "^0.1.29",
        "antlr4ts": "0.5.0-alpha.3",
        "atob-lite": "^2.0.0",
        "big-integer": "^1.6.48",
        "jspath": "^0.4.0",
        "lodash": "^4.17.15",
        "lru-cache": "^5.1.1",
        "moment": "^2.25.1",
        "moment-timezone": "^0.5.28"
      }
    },
    "ansi-styles": {
      "version": "3.2.1",
      "resolved": "https://botbuilder.myget.org/F/botbuilder-v4-js-daily/npm/ansi-styles/-/ansi-styles-3.2.1.tgz",
      "integrity": "sha1-QfuyAkPlCxK+DwS43tvwdSDOhB0=",
      "dev": true,
      "requires": {
        "color-convert": "^1.9.0"
      }
    },
    "antlr4ts": {
      "version": "0.5.0-alpha.3",
      "resolved": "https://botbuilder.myget.org/F/botbuilder-v4-js-daily/npm/antlr4ts/-/antlr4ts-0.5.0-alpha.3.tgz",
      "integrity": "sha1-+m052I1rljQaiv70WGevmryzh2Y="
    },
    "arrify": {
      "version": "1.0.1",
      "resolved": "https://botbuilder.myget.org/F/botbuilder-v4-js-daily/npm/arrify/-/arrify-1.0.1.tgz",
      "integrity": "sha1-iYUI2iIm84DfkEcoRWhJwVAaSw0=",
      "dev": true
    },
    "atob-lite": {
      "version": "2.0.0",
      "resolved": "https://botbuilder.myget.org/F/botbuilder-v4-js-daily/npm/atob-lite/-/atob-lite-2.0.0.tgz",
      "integrity": "sha1-D+9a1G8b16hQLGVyfwNn1e5D1pY="
    },
    "big-integer": {
      "version": "1.6.48",
      "resolved": "https://botbuilder.myget.org/F/botbuilder-v4-js-daily/npm/big-integer/-/big-integer-1.6.48.tgz",
      "integrity": "sha1-j9iL0WMsukocjD49cVnwi7lbS54="
    },
    "botbuilder-lg": {
      "version": "4.10.0-preview-148939",
      "resolved": "https://botbuilder.myget.org/F/botbuilder-v4-js-daily/npm/botbuilder-lg/-/botbuilder-lg-4.10.0-preview-148939.tgz",
      "integrity": "sha1-cXjTrKVscsqqHN6VME/DNmYUXyM=",
      "requires": {
        "adaptive-expressions": "4.10.0-preview-148939",
        "antlr4ts": "0.5.0-alpha.3",
        "lodash": "^4.17.11",
        "path": "^0.12.7",
        "uuid": "^3.3.3"
      }
    },
    "buffer-from": {
      "version": "1.1.1",
      "resolved": "https://botbuilder.myget.org/F/botbuilder-v4-js-daily/npm/buffer-from/-/buffer-from-1.1.1.tgz",
      "integrity": "sha1-MnE7wCj3XAL9txDXx7zsHyxgcO8=",
      "dev": true
    },
    "chalk": {
      "version": "2.4.2",
      "resolved": "https://botbuilder.myget.org/F/botbuilder-v4-js-daily/npm/chalk/-/chalk-2.4.2.tgz",
      "integrity": "sha1-zUJUFnelQzPPVBpJEIwUMrRMlCQ=",
      "dev": true,
      "requires": {
        "ansi-styles": "^3.2.1",
        "escape-string-regexp": "^1.0.5",
        "supports-color": "^5.3.0"
      }
    },
    "color-convert": {
      "version": "1.9.3",
      "resolved": "https://botbuilder.myget.org/F/botbuilder-v4-js-daily/npm/color-convert/-/color-convert-1.9.3.tgz",
      "integrity": "sha1-u3GFBpDh8TZWfeYp0tVHHe2kweg=",
      "dev": true,
      "requires": {
        "color-name": "1.1.3"
      }
    },
    "color-name": {
      "version": "1.1.3",
      "resolved": "https://botbuilder.myget.org/F/botbuilder-v4-js-daily/npm/color-name/-/color-name-1.1.3.tgz",
      "integrity": "sha1-p9BVi9icQveV3UIyj3QIMcpTvCU=",
      "dev": true
    },
    "diff": {
      "version": "3.5.0",
      "resolved": "https://botbuilder.myget.org/F/botbuilder-v4-js-daily/npm/diff/-/diff-3.5.0.tgz",
      "integrity": "sha1-gAwN0eCov7yVg1wgKtIg/jF+WhI=",
      "dev": true
    },
    "escape-string-regexp": {
      "version": "1.0.5",
      "resolved": "https://botbuilder.myget.org/F/botbuilder-v4-js-daily/npm/escape-string-regexp/-/escape-string-regexp-1.0.5.tgz",
      "integrity": "sha1-G2HAViGQqN/2rjuyzwIAyhMLhtQ=",
      "dev": true
    },
    "has-flag": {
      "version": "3.0.0",
      "resolved": "https://botbuilder.myget.org/F/botbuilder-v4-js-daily/npm/has-flag/-/has-flag-3.0.0.tgz",
      "integrity": "sha1-tdRU3CGZriJWmfNGfloH87lVuv0=",
      "dev": true
    },
    "homedir-polyfill": {
      "version": "1.0.3",
      "resolved": "https://botbuilder.myget.org/F/botbuilder-v4-js-daily/npm/homedir-polyfill/-/homedir-polyfill-1.0.3.tgz",
      "integrity": "sha1-dDKYzvTlrz4ZQWH7rcwhUdOgWOg=",
      "dev": true,
      "requires": {
        "parse-passwd": "^1.0.0"
      }
    },
    "inherits": {
      "version": "2.0.3",
      "resolved": "https://botbuilder.myget.org/F/botbuilder-v4-js-daily/npm/inherits/-/inherits-2.0.3.tgz",
      "integrity": "sha1-Yzwsg+PaQqUC9SRmAiSA9CCCYd4="
    },
    "jspath": {
      "version": "0.4.0",
      "resolved": "https://botbuilder.myget.org/F/botbuilder-v4-js-daily/npm/jspath/-/jspath-0.4.0.tgz",
      "integrity": "sha1-L1/RgI/yJJqIo8ReZCKIoib4Xh0="
    },
    "lodash": {
      "version": "4.17.19",
      "resolved": "https://botbuilder.myget.org/F/botbuilder-v4-js-daily/npm/lodash/-/lodash-4.17.19.tgz",
      "integrity": "sha1-5I3e2+MLMyF4PFtDAfvTU7weSks="
    },
    "lru-cache": {
      "version": "5.1.1",
      "resolved": "https://botbuilder.myget.org/F/botbuilder-v4-js-daily/npm/lru-cache/-/lru-cache-5.1.1.tgz",
      "integrity": "sha1-HaJ+ZxAnGUdpXa9oSOhH8B2EuSA=",
      "requires": {
        "yallist": "^3.0.2"
      }
    },
    "make-error": {
      "version": "1.3.6",
      "resolved": "https://botbuilder.myget.org/F/botbuilder-v4-js-daily/npm/make-error/-/make-error-1.3.6.tgz",
      "integrity": "sha1-LrLjfqm2fEiR9oShOUeZr0hM96I=",
      "dev": true
    },
    "minimist": {
      "version": "1.2.5",
      "resolved": "https://botbuilder.myget.org/F/botbuilder-v4-js-daily/npm/minimist/-/minimist-1.2.5.tgz",
      "integrity": "sha1-Z9ZgFLZqaoqqDAg8X9WN9OTpdgI=",
      "dev": true
    },
    "mkdirp": {
      "version": "0.5.5",
      "resolved": "https://botbuilder.myget.org/F/botbuilder-v4-js-daily/npm/mkdirp/-/mkdirp-0.5.5.tgz",
      "integrity": "sha1-2Rzv1i0UNsoPQWIOJRKI1CAJne8=",
      "dev": true,
      "requires": {
        "minimist": "^1.2.5"
      }
    },
    "moment": {
      "version": "2.27.0",
      "resolved": "https://botbuilder.myget.org/F/botbuilder-v4-js-daily/npm/moment/-/moment-2.27.0.tgz",
      "integrity": "sha1-i/9OPiaiNiIN/j423nVrbrqgEF0="
    },
    "moment-timezone": {
      "version": "0.5.31",
      "resolved": "https://botbuilder.myget.org/F/botbuilder-v4-js-daily/npm/moment-timezone/-/moment-timezone-0.5.31.tgz",
      "integrity": "sha1-nEDYxQJvDHq0bto9Y+ScFVFI3gU=",
      "requires": {
        "moment": ">= 2.9.0"
      }
    },
    "parse-passwd": {
      "version": "1.0.0",
      "resolved": "https://botbuilder.myget.org/F/botbuilder-v4-js-daily/npm/parse-passwd/-/parse-passwd-1.0.0.tgz",
      "integrity": "sha1-bVuTSkVpk7I9N/QKOC1vFmao5cY=",
      "dev": true
    },
    "path": {
      "version": "0.12.7",
      "resolved": "https://botbuilder.myget.org/F/botbuilder-v4-js-daily/npm/path/-/path-0.12.7.tgz",
      "integrity": "sha1-1NwqUGxM4hl+tIHr/NWzbAFAsQ8=",
      "requires": {
        "process": "^0.11.1",
        "util": "^0.10.3"
      }
    },
    "process": {
      "version": "0.11.10",
      "resolved": "https://botbuilder.myget.org/F/botbuilder-v4-js-daily/npm/process/-/process-0.11.10.tgz",
      "integrity": "sha1-czIwDoQBYb2j5podHZGn1LwW8YI="
    },
    "source-map": {
      "version": "0.6.1",
      "resolved": "https://botbuilder.myget.org/F/botbuilder-v4-js-daily/npm/source-map/-/source-map-0.6.1.tgz",
      "integrity": "sha1-dHIq8y6WFOnCh6jQu95IteLxomM=",
      "dev": true
    },
    "source-map-support": {
      "version": "0.5.19",
      "resolved": "https://botbuilder.myget.org/F/botbuilder-v4-js-daily/npm/source-map-support/-/source-map-support-0.5.19.tgz",
      "integrity": "sha1-qYti+G3K9PZzmWSMCFKRq56P7WE=",
      "dev": true,
      "requires": {
        "buffer-from": "^1.0.0",
        "source-map": "^0.6.0"
      }
    },
    "strip-bom": {
      "version": "3.0.0",
      "resolved": "https://botbuilder.myget.org/F/botbuilder-v4-js-daily/npm/strip-bom/-/strip-bom-3.0.0.tgz",
      "integrity": "sha1-IzTBjpx1n3vdVv3vfprj1YjmjtM=",
      "dev": true
    },
    "strip-json-comments": {
      "version": "2.0.1",
      "resolved": "https://botbuilder.myget.org/F/botbuilder-v4-js-daily/npm/strip-json-comments/-/strip-json-comments-2.0.1.tgz",
      "integrity": "sha1-PFMZQukIwml8DsNEhYwobHygpgo=",
      "dev": true
    },
    "supports-color": {
      "version": "5.5.0",
      "resolved": "https://botbuilder.myget.org/F/botbuilder-v4-js-daily/npm/supports-color/-/supports-color-5.5.0.tgz",
      "integrity": "sha1-4uaaRKyHcveKHsCzW2id9lMO/I8=",
      "dev": true,
      "requires": {
        "has-flag": "^3.0.0"
      }
    },
    "ts-node": {
      "version": "4.1.0",
      "resolved": "https://botbuilder.myget.org/F/botbuilder-v4-js-daily/npm/ts-node/-/ts-node-4.1.0.tgz",
      "integrity": "sha1-NtlSnHuQu5kzBsQIzQf3dD3iBxI=",
      "dev": true,
      "requires": {
        "arrify": "^1.0.0",
        "chalk": "^2.3.0",
        "diff": "^3.1.0",
        "make-error": "^1.1.1",
        "minimist": "^1.2.0",
        "mkdirp": "^0.5.1",
        "source-map-support": "^0.5.0",
        "tsconfig": "^7.0.0",
        "v8flags": "^3.0.0",
        "yn": "^2.0.0"
      }
    },
    "tsconfig": {
      "version": "7.0.0",
      "resolved": "https://botbuilder.myget.org/F/botbuilder-v4-js-daily/npm/tsconfig/-/tsconfig-7.0.0.tgz",
      "integrity": "sha1-hFOIdaTcIW5cSlQys6Tew9VOkbc=",
      "dev": true,
      "requires": {
        "@types/strip-bom": "^3.0.0",
        "@types/strip-json-comments": "0.0.30",
        "strip-bom": "^3.0.0",
        "strip-json-comments": "^2.0.0"
      }
    },
    "typescript": {
      "version": "3.5.3",
      "resolved": "https://botbuilder.myget.org/F/botbuilder-v4-js-daily/npm/typescript/-/typescript-3.5.3.tgz",
      "integrity": "sha1-yDD2V/k/HqhGgZ6SkJL1/lmD6Xc=",
      "dev": true
    },
    "util": {
      "version": "0.10.4",
      "resolved": "https://botbuilder.myget.org/F/botbuilder-v4-js-daily/npm/util/-/util-0.10.4.tgz",
      "integrity": "sha1-OqASW/5mikZy3liFfTrOJ+y3aQE=",
      "requires": {
        "inherits": "2.0.3"
      }
    },
    "uuid": {
      "version": "3.4.0",
      "resolved": "https://botbuilder.myget.org/F/botbuilder-v4-js-daily/npm/uuid/-/uuid-3.4.0.tgz",
      "integrity": "sha1-sj5DWK+oogL+ehAK8fX4g/AgB+4="
    },
    "v8flags": {
      "version": "3.2.0",
      "resolved": "https://botbuilder.myget.org/F/botbuilder-v4-js-daily/npm/v8flags/-/v8flags-3.2.0.tgz",
      "integrity": "sha1-skPjtN/XMfp3TnSSEoEJoP5m1lY=",
      "dev": true,
      "requires": {
        "homedir-polyfill": "^1.0.1"
      }
    },
    "yallist": {
      "version": "3.1.1",
      "resolved": "https://botbuilder.myget.org/F/botbuilder-v4-js-daily/npm/yallist/-/yallist-3.1.1.tgz",
      "integrity": "sha1-27fa+b/YusmrRev2ArjLrQ1dCP0="
    },
    "yn": {
      "version": "2.0.0",
      "resolved": "https://botbuilder.myget.org/F/botbuilder-v4-js-daily/npm/yn/-/yn-2.0.0.tgz",
      "integrity": "sha1-5a2ryKz0CPY4X8dklWhMiOavaJo=",
      "dev": true
    }
  }
}
